
Microsoft Visual Studio Solution File, Format Version 12.00
# Visual Studio Version 17
VisualStudioVersion = 17.5.002.0
MinimumVisualStudioVersion = 10.0.40219.1
Project("{9A19103F-16F7-4668-BE54-9A1E7A4F7556}") = "VisitAndAuthen", "VisitAndAuthen.csproj", "{9653657C-AB3C-40C2-8C1C-8F6C64BBBD7E}"
EndProject
Global
	GlobalSection(SolutionConfigurationPlatforms) = preSolution
		Debug|Any CPU = Debug|Any CPU
		Release|Any CPU = Release|Any CPU
	EndGlobalSection
	GlobalSection(ProjectConfigurationPlatforms) = postSolution
		{9653657C-AB3C-40C2-8C1C-8F6C64BBBD7E}.Debug|Any CPU.ActiveCfg = Debug|Any CPU
		{9653657C-AB3C-40C2-8C1C-8F6C64BBBD7E}.Debug|Any CPU.Build.0 = Debug|Any CPU
		{9653657C-AB3C-40C2-8C1C-8F6C64BBBD7E}.Release|Any CPU.ActiveCfg = Release|Any CPU
		{9653657C-AB3C-40C2-8C1C-8F6C64BBBD7E}.Release|Any CPU.Build.0 = Release|Any CPU
	EndGlobalSection
	GlobalSection(SolutionProperties) = preSolution
		HideSolutionNode = FALSE
	EndGlobalSection
	GlobalSection(ExtensibilityGlobals) = postSolution
		SolutionGuid = {372DB40B-46F3-44AA-97AB-94C3D5049E43}
	EndGlobalSection
EndGlobal
